// !$*UTF8*$!
{
	archiveVersion = 1;
	classes = {
	};
	objectVersion = 46;
	objects = {

/* Begin PBXBuildFile section */
		0EE4A7771819596B00E3007F /* Foundation.framework in Frameworks */ = {isa = PBXBuildFile; fileRef = 0EE4A7761819596B00E3007F /* Foundation.framework */; };
		0EE4A7791819596B00E3007F /* CoreGraphics.framework in Frameworks */ = {isa = PBXBuildFile; fileRef = 0EE4A7781819596B00E3007F /* CoreGraphics.framework */; };
		0EE4A77B1819596B00E3007F /* UIKit.framework in Frameworks */ = {isa = PBXBuildFile; fileRef = 0EE4A77A1819596B00E3007F /* UIKit.framework */; };
		0EE4A7811819596B00E3007F /* InfoPlist.strings in Resources */ = {isa = PBXBuildFile; fileRef = 0EE4A77F1819596B00E3007F /* InfoPlist.strings */; };
		0EE4A7831819596B00E3007F /* main.m in Sources */ = {isa = PBXBuildFile; fileRef = 0EE4A7821819596B00E3007F /* main.m */; };
		0EE4A7871819596B00E3007F /* AppDelegate.m in Sources */ = {isa = PBXBuildFile; fileRef = 0EE4A7861819596B00E3007F /* AppDelegate.m */; };
		0EE4A7891819596B00E3007F /* Images.xcassets in Resources */ = {isa = PBXBuildFile; fileRef = 0EE4A7881819596B00E3007F /* Images.xcassets */; };
		0EE4A7901819596B00E3007F /* XCTest.framework in Frameworks */ = {isa = PBXBuildFile; fileRef = 0EE4A78F1819596B00E3007F /* XCTest.framework */; };
		0EE4A7911819596B00E3007F /* Foundation.framework in Frameworks */ = {isa = PBXBuildFile; fileRef = 0EE4A7761819596B00E3007F /* Foundation.framework */; };
		0EE4A7921819596B00E3007F /* UIKit.framework in Frameworks */ = {isa = PBXBuildFile; fileRef = 0EE4A77A1819596B00E3007F /* UIKit.framework */; };
		0EE4A79A1819596B00E3007F /* InfoPlist.strings in Resources */ = {isa = PBXBuildFile; fileRef = 0EE4A7981819596B00E3007F /* InfoPlist.strings */; };
		0EE4A79C1819596B00E3007F /* githubAssignmentTests.m in Sources */ = {isa = PBXBuildFile; fileRef = 0EE4A79B1819596B00E3007F /* githubAssignmentTests.m */; };
/* End PBXBuildFile section */

/* Begin PBXContainerItemProxy section */
		0EE4A7931819596B00E3007F /* PBXContainerItemProxy */ = {
			isa = PBXContainerItemProxy;
			containerPortal = 0EE4A76B1819596B00E3007F /* Project object */;
			proxyType = 1;
			remoteGlobalIDString = 0EE4A7721819596B00E3007F;
			remoteInfo = githubAssignment;
		};
/* End PBXContainerItemProxy section */

/* Begin PBXFileReference section */
		0EE4A7731819596B00E3007F /* githubAssignment.app */ = {isa = PBXFileReference; explicitFileType = wrapper.application; includeInIndex = 0; path = githubAssignment.app; sourceTree = BUILT_PRODUCTS_DIR; };
		0EE4A7761819596B00E3007F /* Foundation.framework */ = {isa = PBXFileReference; lastKnownFileType = wrapper.framework; name = Foundation.framework; path = System/Library/Frameworks/Foundation.framework; sourceTree = SDKROOT; };
		0EE4A7781819596B00E3007F /* CoreGraphics.framework */ = {isa = PBXFileReference; lastKnownFileType = wrapper.framework; name = CoreGraphics.framework; path = System/Library/Frameworks/CoreGraphics.framework; sourceTree = SDKROOT; };
		0EE4A77A1819596B00E3007F /* UIKit.framework */ = {isa = PBXFileReference; lastKnownFileType = wrapper.framework; name = UIKit.framework; path = System/Library/Frameworks/UIKit.framework; sourceTree = SDKROOT; };
		0EE4A77E1819596B00E3007F /* githubAssignment-Info.plist */ = {isa = PBXFileReference; lastKnownFileType = text.plist.xml; path = "githubAssignment-Info.plist"; sourceTree = "<group>"; };
		0EE4A7801819596B00E3007F /* en */ = {isa = PBXFileReference; lastKnownFileType = text.plist.strings; name = en; path = en.lproj/InfoPlist.strings; sourceTree = "<group>"; };
		0EE4A7821819596B00E3007F /* main.m */ = {isa = PBXFileReference; lastKnownFileType = sourcecode.c.objc; path = main.m; sourceTree = "<group>"; };
		0EE4A7841819596B00E3007F /* githubAssignment-Prefix.pch */ = {isa = PBXFileReference; lastKnownFileType = sourcecode.c.h; path = "githubAssignment-Prefix.pch"; sourceTree = "<group>"; };
		0EE4A7851819596B00E3007F /* AppDelegate.h */ = {isa = PBXFileReference; lastKnownFileType = sourcecode.c.h; path = AppDelegate.h; sourceTree = "<group>"; };
		0EE4A7861819596B00E3007F /* AppDelegate.m */ = {isa = PBXFileReference; lastKnownFileType = sourcecode.c.objc; path = AppDelegate.m; sourceTree = "<group>"; };
		0EE4A7881819596B00E3007F /* Images.xcassets */ = {isa = PBXFileReference; lastKnownFileType = folder.assetcatalog; path = Images.xcassets; sourceTree = "<group>"; };
		0EE4A78E1819596B00E3007F /* githubAssignmentTests.xctest */ = {isa = PBXFileReference; explicitFileType = wrapper.cfbundle; includeInIndex = 0; path = githubAssignmentTests.xctest; sourceTree = BUILT_PRODUCTS_DIR; };
		0EE4A78F1819596B00E3007F /* XCTest.framework */ = {isa = PBXFileReference; lastKnownFileType = wrapper.framework; name = XCTest.framework; path = Library/Frameworks/XCTest.framework; sourceTree = DEVELOPER_DIR; };
		0EE4A7971819596B00E3007F /* githubAssignmentTests-Info.plist */ = {isa = PBXFileReference; lastKnownFileType = text.plist.xml; path = "githubAssignmentTests-Info.plist"; sourceTree = "<group>"; };
		0EE4A7991819596B00E3007F /* en */ = {isa = PBXFileReference; lastKnownFileType = text.plist.strings; name = en; path = en.lproj/InfoPlist.strings; sourceTree = "<group>"; };
		0EE4A79B1819596B00E3007F /* githubAssignmentTests.m */ = {isa = PBXFileReference; lastKnownFileType = sourcecode.c.objc; path = githubAssignmentTests.m; sourceTree = "<group>"; };
/* End PBXFileReference section */

/* Begin PBXFrameworksBuildPhase section */
		0EE4A7701819596B00E3007F /* Frameworks */ = {
			isa = PBXFrameworksBuildPhase;
			buildActionMask = 2147483647;
			files = (
				0EE4A7791819596B00E3007F /* CoreGraphics.framework in Frameworks */,
				0EE4A77B1819596B00E3007F /* UIKit.framework in Frameworks */,
				0EE4A7771819596B00E3007F /* Foundation.framework in Frameworks */,
			);
			runOnlyForDeploymentPostprocessing = 0;
		};
		0EE4A78B1819596B00E3007F /* Frameworks */ = {
			isa = PBXFrameworksBuildPhase;
			buildActionMask = 2147483647;
			files = (
				0EE4A7901819596B00E3007F /* XCTest.framework in Frameworks */,
				0EE4A7921819596B00E3007F /* UIKit.framework in Frameworks */,
				0EE4A7911819596B00E3007F /* Foundation.framework in Frameworks */,
			);
			runOnlyForDeploymentPostprocessing = 0;
		};
/* End PBXFrameworksBuildPhase section */

/* Begin PBXGroup section */
		0EE4A76A1819596B00E3007F = {
			isa = PBXGroup;
			children = (
				0EE4A77C1819596B00E3007F /* githubAssignment */,
				0EE4A7951819596B00E3007F /* githubAssignmentTests */,
				0EE4A7751819596B00E3007F /* Frameworks */,
				0EE4A7741819596B00E3007F /* Products */,
			);
			sourceTree = "<group>";
		};
		0EE4A7741819596B00E3007F /* Products */ = {
			isa = PBXGroup;
			children = (
				0EE4A7731819596B00E3007F /* githubAssignment.app */,
				0EE4A78E1819596B00E3007F /* githubAssignmentTests.xctest */,
			);
			name = Products;
			sourceTree = "<group>";
		};
		0EE4A7751819596B00E3007F /* Frameworks */ = {
			isa = PBXGroup;
			children = (
				0EE4A7761819596B00E3007F /* Foundation.framework */,
				0EE4A7781819596B00E3007F /* CoreGraphics.framework */,
				0EE4A77A1819596B00E3007F /* UIKit.framework */,
				0EE4A78F1819596B00E3007F /* XCTest.framework */,
			);
			name = Frameworks;
			sourceTree = "<group>";
		};
		0EE4A77C1819596B00E3007F /* githubAssignment */ = {
			isa = PBXGroup;
			children = (
				0EE4A7851819596B00E3007F /* AppDelegate.h */,
				0EE4A7861819596B00E3007F /* AppDelegate.m */,
				0EE4A7881819596B00E3007F /* Images.xcassets */,
				0EE4A77D1819596B00E3007F /* Supporting Files */,
			);
			path = githubAssignment;
			sourceTree = "<group>";
		};
		0EE4A77D1819596B00E3007F /* Supporting Files */ = {
			isa = PBXGroup;
			children = (
				0EE4A77E1819596B00E3007F /* githubAssignment-Info.plist */,
				0EE4A77F1819596B00E3007F /* InfoPlist.strings */,
				0EE4A7821819596B00E3007F /* main.m */,
				0EE4A7841819596B00E3007F /* githubAssignment-Prefix.pch */,
			);
			name = "Supporting Files";
			sourceTree = "<group>";
		};
		0EE4A7951819596B00E3007F /* githubAssignmentTests */ = {
			isa = PBXGroup;
			children = (
				0EE4A79B1819596B00E3007F /* githubAssignmentTests.m */,
				0EE4A7961819596B00E3007F /* Supporting Files */,
			);
			path = githubAssignmentTests;
			sourceTree = "<group>";
		};
		0EE4A7961819596B00E3007F /* Supporting Files */ = {
			isa = PBXGroup;
			children = (
				0EE4A7971819596B00E3007F /* githubAssignmentTests-Info.plist */,
				0EE4A7981819596B00E3007F /* InfoPlist.strings */,
			);
			name = "Supporting Files";
			sourceTree = "<group>";
		};
/* End PBXGroup section */

/* Begin PBXNativeTarget section */
		0EE4A7721819596B00E3007F /* githubAssignment */ = {
			isa = PBXNativeTarget;
			buildConfigurationList = 0EE4A79F1819596B00E3007F /* Build configuration list for PBXNativeTarget "githubAssignment" */;
			buildPhases = (
				0EE4A76F1819596B00E3007F /* Sources */,
				0EE4A7701819596B00E3007F /* Frameworks */,
				0EE4A7711819596B00E3007F /* Resources */,
			);
			buildRules = (
			);
			dependencies = (
			);
			name = githubAssignment;
			productName = githubAssignment;
			productReference = 0EE4A7731819596B00E3007F /* githubAssignment.app */;
			productType = "com.apple.product-type.application";
		};
		0EE4A78D1819596B00E3007F /* githubAssignmentTests */ = {
			isa = PBXNativeTarget;
			buildConfigurationList = 0EE4A7A21819596B00E3007F /* Build configuration list for PBXNativeTarget "githubAssignmentTests" */;
			buildPhases = (
				0EE4A78A1819596B00E3007F /* Sources */,
				0EE4A78B1819596B00E3007F /* Frameworks */,
				0EE4A78C1819596B00E3007F /* Resources */,
			);
			buildRules = (
			);
			dependencies = (
				0EE4A7941819596B00E3007F /* PBXTargetDependency */,
			);
			name = githubAssignmentTests;
			productName = githubAssignmentTests;
			productReference = 0EE4A78E1819596B00E3007F /* githubAssignmentTests.xctest */;
			productType = "com.apple.product-type.bundle.unit-test";
		};
/* End PBXNativeTarget section */

/* Begin PBXProject section */
		0EE4A76B1819596B00E3007F /* Project object */ = {
			isa = PBXProject;
			attributes = {
				LastUpgradeCheck = 0500;
				ORGANIZATIONNAME = unlimited;
				TargetAttributes = {
					0EE4A78D1819596B00E3007F = {
						TestTargetID = 0EE4A7721819596B00E3007F;
					};
				};
			};
			buildConfigurationList = 0EE4A76E1819596B00E3007F /* Build configuration list for PBXProject "githubAssignment" */;
			compatibilityVersion = "Xcode 3.2";
			developmentRegion = English;
			hasScannedForEncodings = 0;
			knownRegions = (
				en,
			);
			mainGroup = 0EE4A76A1819596B00E3007F;
			productRefGroup = 0EE4A7741819596B00E3007F /* Products */;
			projectDirPath = "";
			projectRoot = "";
			targets = (
				0EE4A7721819596B00E3007F /* githubAssignment */,
				0EE4A78D1819596B00E3007F /* githubAssignmentTests */,
			);
		};
/* End PBXProject section */

/* Begin PBXResourcesBuildPhase section */
		0EE4A7711819596B00E3007F /* Resources */ = {
			isa = PBXResourcesBuildPhase;
			buildActionMask = 2147483647;
			files = (
				0EE4A7811819596B00E3007F /* InfoPlist.strings in Resources */,
				0EE4A7891819596B00E3007F /* Images.xcassets in Resources */,
			);
			runOnlyForDeploymentPostprocessing = 0;
		};
		0EE4A78C1819596B00E3007F /* Resources */ = {
			isa = PBXResourcesBuildPhase;
			buildActionMask = 2147483647;
			files = (
				0EE4A79A1819596B00E3007F /* InfoPlist.strings in Resources */,
			);
			runOnlyForDeploymentPostprocessing = 0;
		};
/* End PBXResourcesBuildPhase section */

/* Begin PBXSourcesBuildPhase section */
		0EE4A76F1819596B00E3007F /* Sources */ = {
			isa = PBXSourcesBuildPhase;
			buildActionMask = 2147483647;
			files = (
				0EE4A7871819596B00E3007F /* AppDelegate.m in Sources */,
				0EE4A7831819596B00E3007F /* main.m in Sources */,
			);
			runOnlyForDeploymentPostprocessing = 0;
		};
		0EE4A78A1819596B00E3007F /* Sources */ = {
			isa = PBXSourcesBuildPhase;
			buildActionMask = 2147483647;
			files = (
				0EE4A79C1819596B00E3007F /* githubAssignmentTests.m in Sources */,
			);
			runOnlyForDeploymentPostprocessing = 0;
		};
/* End PBXSourcesBuildPhase section */

/* Begin PBXTargetDependency section */
		0EE4A7941819596B00E3007F /* PBXTargetDependency */ = {
			isa = PBXTargetDependency;
			target = 0EE4A7721819596B00E3007F /* githubAssignment */;
			targetProxy = 0EE4A7931819596B00E3007F /* PBXContainerItemProxy */;
		};
/* End PBXTargetDependency section */

/* Begin PBXVariantGroup section */
		0EE4A77F1819596B00E3007F /* InfoPlist.strings */ = {
			isa = PBXVariantGroup;
			children = (
				0EE4A7801819596B00E3007F /* en */,
			);
			name = InfoPlist.strings;
			sourceTree = "<group>";
		};
		0EE4A7981819596B00E3007F /* InfoPlist.strings */ = {
			isa = PBXVariantGroup;
			children = (
				0EE4A7991819596B00E3007F /* en */,
			);
			name = InfoPlist.strings;
			sourceTree = "<group>";
		};
/* End PBXVariantGroup section */

/* Begin XCBuildConfiguration section */
		0EE4A79D1819596B00E3007F /* Debug */ = {
			isa = XCBuildConfiguration;
			buildSettings = {
				ALWAYS_SEARCH_USER_PATHS = NO;
				ARCHS = "$(ARCHS_STANDARD_INCLUDING_64_BIT)";
				CLANG_CXX_LANGUAGE_STANDARD = "gnu++0x";
				CLANG_CXX_LIBRARY = "libc++";
				CLANG_ENABLE_MODULES = YES;
				CLANG_ENABLE_OBJC_ARC = YES;
				CLANG_WARN_BOOL_CONVERSION = YES;
				CLANG_WARN_CONSTANT_CONVERSION = YES;
				CLANG_WARN_DIRECT_OBJC_ISA_USAGE = YES_ERROR;
				CLANG_WARN_EMPTY_BODY = YES;
				CLANG_WARN_ENUM_CONVERSION = YES;
				CLANG_WARN_INT_CONVERSION = YES;
				CLANG_WARN_OBJC_ROOT_CLASS = YES_ERROR;
				CLANG_WARN__DUPLICATE_METHOD_MATCH = YES;
				"CODE_SIGN_IDENTITY[sdk=iphoneos*]" = "iPhone Developer";
				COPY_PHASE_STRIP = NO;
				GCC_C_LANGUAGE_STANDARD = gnu99;
				GCC_DYNAMIC_NO_PIC = NO;
				GCC_OPTIMIZATION_LEVEL = 0;
				GCC_PREPROCESSOR_DEFINITIONS = (
					"DEBUG=1",
					"$(inherited)",
				);
				GCC_SYMBOLS_PRIVATE_EXTERN = NO;
				GCC_WARN_64_TO_32_BIT_CONVERSION = YES;
				GCC_WARN_ABOUT_RETURN_TYPE = YES_ERROR;
				GCC_WARN_UNDECLARED_SELECTOR = YES;
				GCC_WARN_UNINITIALIZED_AUTOS = YES;
				GCC_WARN_UNUSED_FUNCTION = YES;
				GCC_WARN_UNUSED_VARIABLE = YES;
				IPHONEOS_DEPLOYMENT_TARGET = 7.0;
				ONLY_ACTIVE_ARCH = YES;
				SDKROOT = iphoneos;
			};
			name = Debug;
		};
		0EE4A79E1819596B00E3007F /* Release */ = {
			isa = XCBuildConfiguration;
			buildSettings = {
				ALWAYS_SEARCH_USER_PATHS = NO;
				ARCHS = "$(ARCHS_STANDARD_INCLUDING_64_BIT)";
				CLANG_CXX_LANGUAGE_STANDARD = "gnu++0x";
				CLANG_CXX_LIBRARY = "libc++";
				CLANG_ENABLE_MODULES = YES;
				CLANG_ENABLE_OBJC_ARC = YES;
				CLANG_WARN_BOOL_CONVERSION = YES;
				CLANG_WARN_CONSTANT_CONVERSION = YES;
				CLANG_WARN_DIRECT_OBJC_ISA_USAGE = YES_ERROR;
				CLANG_WARN_EMPTY_BODY = YES;
				CLANG_WARN_ENUM_CONVERSION = YES;
				CLANG_WARN_INT_CONVERSION = YES;
				CLANG_WARN_OBJC_ROOT_CLASS = YES_ERROR;
				CLANG_WARN__DUPLICATE_METHOD_MATCH = YES;
				"CODE_SIGN_IDENTITY[sdk=iphoneos*]" = "iPhone Developer";
				COPY_PHASE_STRIP = YES;
				ENABLE_NS_ASSERTIONS = NO;
				GCC_C_LANGUAGE_STANDARD = gnu99;
				GCC_WARN_64_TO_32_BIT_CONVERSION = YES;
				GCC_WARN_ABOUT_RETURN_TYPE = YES_ERROR;
				GCC_WARN_UNDECLARED_SELECTOR = YES;
				GCC_WARN_UNINITIALIZED_AUTOS = YES;
				GCC_WARN_UNUSED_FUNCTION = YES;
				GCC_WARN_UNUSED_VARIABLE = YES;
				IPHONEOS_DEPLOYMENT_TARGET = 7.0;
				SDKROOT = iphoneos;
				VALIDATE_PRODUCT = YES;
			};
			name = Release;
		};
		0EE4A7A01819596B00E3007F /* Debug */ = {
			isa = XCBuildConfiguration;
			buildSettings = {
				ASSETCATALOG_COMPILER_APPICON_NAME = AppIcon;
				ASSETCATALOG_COMPILER_LAUNCHIMAGE_NAME = LaunchImage;
				GCC_PRECOMPILE_PREFIX_HEADER = YES;
				GCC_PREFIX_HEADER = "githubAssignment/githubAssignment-Prefix.pch";
				INFOPLIST_FILE = "githubAssignment/githubAssignment-Info.plist";
				PRODUCT_NAME = "$(TARGET_NAME)";
				WRAPPER_EXTENSION = app;
			};
			name = Debug;
		};
		0EE4A7A11819596B00E3007F /* Release */ = {
			isa = XCBuildConfiguration;
			buildSettings = {
				ASSETCATALOG_COMPILER_APPICON_NAME = AppIcon;
				ASSETCATALOG_COMPILER_LAUNCHIMAGE_NAME = LaunchImage;
				GCC_PRECOMPILE_PREFIX_HEADER = YES;
				GCC_PREFIX_HEADER = "githubAssignment/githubAssignment-Prefix.pch";
				INFOPLIST_FILE = "githubAssignment/githubAssignment-Info.plist";
				PRODUCT_NAME = "$(TARGET_NAME)";
				WRAPPER_EXTENSION = app;
			};
			name = Release;
		};
		0EE4A7A31819596B00E3007F /* Debug */ = {
			isa = XCBuildConfiguration;
			buildSettings = {
				ARCHS = "$(ARCHS_STANDARD_INCLUDING_64_BIT)";
				BUNDLE_LOADER = "$(BUILT_PRODUCTS_DIR)/githubAssignment.app/githubAssignment";
				FRAMEWORK_SEARCH_PATHS = (
					"$(SDKROOT)/Developer/Library/Frameworks",
					"$(inherited)",
					"$(DEVELOPER_FRAMEWORKS_DIR)",
				);
				GCC_PRECOMPILE_PREFIX_HEADER = YES;
				GCC_PREFIX_HEADER = "githubAssignment/githubAssignment-Prefix.pch";
				GCC_PREPROCESSOR_DEFINITIONS = (
					"DEBUG=1",
					"$(inherited)",
				);
				INFOPLIST_FILE = "githubAssignmentTests/githubAssignmentTests-Info.plist";
				PRODUCT_NAME = "$(TARGET_NAME)";
				TEST_HOST = "$(BUNDLE_LOADER)";
				WRAPPER_EXTENSION = xctest;
			};
			name = Debug;
		};
		0EE4A7A41819596B00E3007F /* Release */ = {
			isa = XCBuildConfiguration;
			buildSettings = {
				ARCHS = "$(ARCHS_STANDARD_INCLUDING_64_BIT)";
				BUNDLE_LOADER = "$(BUILT_PRODUCTS_DIR)/githubAssignment.app/githubAssignment";
				FRAMEWORK_SEARCH_PATHS = (
					"$(SDKROOT)/Developer/Library/Frameworks",
					"$(inherited)",
					"$(DEVELOPER_FRAMEWORKS_DIR)",
				);
				GCC_PRECOMPILE_PREFIX_HEADER = YES;
				GCC_PREFIX_HEADER = "githubAssignment/githubAssignment-Prefix.pch";
				INFOPLIST_FILE = "githubAssignmentTests/githubAssignmentTests-Info.plist";
				PRODUCT_NAME = "$(TARGET_NAME)";
				TEST_HOST = "$(BUNDLE_LOADER)";
				WRAPPER_EXTENSION = xctest;
			};
			name = Release;
		};
/* End XCBuildConfiguration section */

/* Begin XCConfigurationList section */
		0EE4A76E1819596B00E3007F /* Build configuration list for PBXProject "githubAssignment" */ = {
			isa = XCConfigurationList;
			buildConfigurations = (
				0EE4A79D1819596B00E3007F /* Debug */,
				0EE4A79E1819596B00E3007F /* Release */,
			);
			defaultConfigurationIsVisible = 0;
			defaultConfigurationName = Release;
		};
		0EE4A79F1819596B00E3007F /* Build configuration list for PBXNativeTarget "githubAssignment" */ = {
			isa = XCConfigurationList;
			buildConfigurations = (
				0EE4A7A01819596B00E3007F /* Debug */,
				0EE4A7A11819596B00E3007F /* Release */,
			);
			defaultConfigurationIsVisible = 0;
		};
		0EE4A7A21819596B00E3007F /* Build configuration list for PBXNativeTarget "githubAssignmentTests" */ = {
			isa = XCConfigurationList;
			buildConfigurations = (
				0EE4A7A31819596B00E3007F /* Debug */,
				0EE4A7A41819596B00E3007F /* Release */,
			);
			defaultConfigurationIsVisible = 0;
		};
/* End XCConfigurationList section */
	};
	rootObject = 0EE4A76B1819596B00E3007F /* Project object */;
}
